{
  "object": {
    "pins": [
      {
        "package": "Alamofire",
        "repositoryURL": "https://github.com/Alamofire/Alamofire.git",
        "state": {
          "branch": null,
          "revision": "f96b619bcb2383b43d898402283924b80e2c4bae",
          "version": "5.4.3"
        }
      },
      {
        "package": "ApiClient",
        "repositoryURL": "https://github.com/ArdOnat/ApiClient.git",
        "state": {
          "branch": null,
          "revision": "6a0b8726fc8adcb9321c60dd103b19e246b16ef8",
          "version": "1.1.1"
        }
      },
      {
        "package": "CoreModule",
        "repositoryURL": "https://github.com/ArdOnat/CoreModule.git",
        "state": {
          "branch": null,
          "revision": "780070fb5546cb5fabe59904d414844fdd332abb",
          "version": "1.1.1"
        }
      },
      {
        "package": "HomeModule",
        "repositoryURL": "https://github.com/ArdOnat/HomeModule.git",
        "state": {
          "branch": null,
          "revision": "a2f334339eb6617d71c62d261ab2874567e7febf",
          "version": "1.1.0"
        }
      }
    ]
  },
  "version": 1
}
