{
  "object": {
    "pins": [
      {
        "package": "Alamofire",
        "repositoryURL": "https://github.com/Alamofire/Alamofire.git",
        "state": {
          "branch": null,
          "revision": "d120af1e8638c7da36c8481fd61a66c0c08dc4fc",
          "version": "5.4.4"
        }
      },
      {
        "package": "ApiClient",
        "repositoryURL": "https://github.com/ArdOnat/ApiClient.git",
        "state": {
          "branch": null,
          "revision": "f85c342b10f3cc938f691cd7bc1711acf3e8ca09",
          "version": "1.2.2"
        }
      },
      {
        "package": "CoreModule",
        "repositoryURL": "https://github.com/ArdOnat/CoreModule.git",
        "state": {
          "branch": null,
          "revision": "58217eb25b01e2a000d815945e813512db80cd4d",
          "version": "1.1.4"
        }
      },
      {
        "package": "HomeModule",
        "repositoryURL": "https://github.com/ArdOnat/HomeModule.git",
        "state": {
          "branch": null,
          "revision": "7762c240a5db098574eb5c0ce3fb882e3803759d",
          "version": "1.2.8"
        }
      }
    ]
  },
  "version": 1
}
