{
  "object": {
    "pins": [
      {
        "package": "Alamofire",
        "repositoryURL": "https://github.com/Alamofire/Alamofire.git",
        "state": {
          "branch": null,
          "revision": "f96b619bcb2383b43d898402283924b80e2c4bae",
          "version": "5.4.3"
        }
      },
      {
        "package": "ApiClient",
        "repositoryURL": "https://github.com/ArdOnat/ApiClient.git",
        "state": {
          "branch": null,
          "revision": "477a93f3ad41a1d05ee907c458ce34cf10f198a1",
          "version": "1.0.0"
        }
      },
      {
        "package": "NetworkModule",
        "repositoryURL": "https://github.com/ArdOnat/NetworkModule.git",
        "state": {
          "branch": null,
          "revision": "f0880896e209dfdc1e9260b870126dd9476dcef3",
          "version": "1.0.1"
        }
      }
    ]
  },
  "version": 1
}
